
Microsoft Visual Studio Solution File, Format Version 12.00
# Visual Studio Version 17
VisualStudioVersion = 17.10.35027.167
MinimumVisualStudioVersion = 10.0.40219.1
Project("{FAE04EC0-301F-11D3-BF4B-00C04F79EFBC}") = "CQRS", "CQRS\CQRS.csproj", "{FC34AF6A-5009-4E78-AED2-A94C5E580D66}"
EndProject
Global
	GlobalSection(SolutionConfigurationPlatforms) = preSolution
		Debug|Any CPU = Debug|Any CPU
		Release|Any CPU = Release|Any CPU
	EndGlobalSection
	GlobalSection(ProjectConfigurationPlatforms) = postSolution
		{FC34AF6A-5009-4E78-AED2-A94C5E580D66}.Debug|Any CPU.ActiveCfg = Debug|Any CPU
		{FC34AF6A-5009-4E78-AED2-A94C5E580D66}.Debug|Any CPU.Build.0 = Debug|Any CPU
		{FC34AF6A-5009-4E78-AED2-A94C5E580D66}.Release|Any CPU.ActiveCfg = Release|Any CPU
		{FC34AF6A-5009-4E78-AED2-A94C5E580D66}.Release|Any CPU.Build.0 = Release|Any CPU
	EndGlobalSection
	GlobalSection(SolutionProperties) = preSolution
		HideSolutionNode = FALSE
	EndGlobalSection
	GlobalSection(ExtensibilityGlobals) = postSolution
		SolutionGuid = {44696FF2-538B-4E89-AD0C-649EB4EEDA30}
	EndGlobalSection
EndGlobal
