
Microsoft Visual Studio Solution File, Format Version 12.00
# Visual Studio Version 17
VisualStudioVersion = 17.10.35027.167
MinimumVisualStudioVersion = 10.0.40219.1
Project("{FAE04EC0-301F-11D3-BF4B-00C04F79EFBC}") = "3.5_SealedClass", "3.5_SealedClass\3.5_SealedClass.csproj", "{6F102992-0472-49AE-B1AF-5598B4A0110D}"
EndProject
Global
	GlobalSection(SolutionConfigurationPlatforms) = preSolution
		Debug|Any CPU = Debug|Any CPU
		Release|Any CPU = Release|Any CPU
	EndGlobalSection
	GlobalSection(ProjectConfigurationPlatforms) = postSolution
		{6F102992-0472-49AE-B1AF-5598B4A0110D}.Debug|Any CPU.ActiveCfg = Debug|Any CPU
		{6F102992-0472-49AE-B1AF-5598B4A0110D}.Debug|Any CPU.Build.0 = Debug|Any CPU
		{6F102992-0472-49AE-B1AF-5598B4A0110D}.Release|Any CPU.ActiveCfg = Release|Any CPU
		{6F102992-0472-49AE-B1AF-5598B4A0110D}.Release|Any CPU.Build.0 = Release|Any CPU
	EndGlobalSection
	GlobalSection(SolutionProperties) = preSolution
		HideSolutionNode = FALSE
	EndGlobalSection
	GlobalSection(ExtensibilityGlobals) = postSolution
		SolutionGuid = {5F769131-4D6D-4990-AC2E-A9751B4F0BCB}
	EndGlobalSection
EndGlobal
