
Microsoft Visual Studio Solution File, Format Version 12.00
# Visual Studio Version 17
VisualStudioVersion = 17.10.35027.167
MinimumVisualStudioVersion = 10.0.40219.1
Project("{FAE04EC0-301F-11D3-BF4B-00C04F79EFBC}") = "2._4_ref_out", "2._4_ref_out\2._4_ref_out.csproj", "{E8D19DB8-FDE1-49FB-81A3-E4DB36E2A08E}"
EndProject
Global
	GlobalSection(SolutionConfigurationPlatforms) = preSolution
		Debug|Any CPU = Debug|Any CPU
		Release|Any CPU = Release|Any CPU
	EndGlobalSection
	GlobalSection(ProjectConfigurationPlatforms) = postSolution
		{E8D19DB8-FDE1-49FB-81A3-E4DB36E2A08E}.Debug|Any CPU.ActiveCfg = Debug|Any CPU
		{E8D19DB8-FDE1-49FB-81A3-E4DB36E2A08E}.Debug|Any CPU.Build.0 = Debug|Any CPU
		{E8D19DB8-FDE1-49FB-81A3-E4DB36E2A08E}.Release|Any CPU.ActiveCfg = Release|Any CPU
		{E8D19DB8-FDE1-49FB-81A3-E4DB36E2A08E}.Release|Any CPU.Build.0 = Release|Any CPU
	EndGlobalSection
	GlobalSection(SolutionProperties) = preSolution
		HideSolutionNode = FALSE
	EndGlobalSection
	GlobalSection(ExtensibilityGlobals) = postSolution
		SolutionGuid = {6D017144-1D8C-4778-8E93-6E41D420ECDF}
	EndGlobalSection
EndGlobal
