
Microsoft Visual Studio Solution File, Format Version 12.00
# Visual Studio Version 17
VisualStudioVersion = 17.10.35027.167
MinimumVisualStudioVersion = 10.0.40219.1
Project("{FAE04EC0-301F-11D3-BF4B-00C04F79EFBC}") = "class&object", "class&object\class&object.csproj", "{AEC85EAA-F958-4CDE-9752-CB857693A307}"
EndProject
Global
	GlobalSection(SolutionConfigurationPlatforms) = preSolution
		Debug|Any CPU = Debug|Any CPU
		Release|Any CPU = Release|Any CPU
	EndGlobalSection
	GlobalSection(ProjectConfigurationPlatforms) = postSolution
		{AEC85EAA-F958-4CDE-9752-CB857693A307}.Debug|Any CPU.ActiveCfg = Debug|Any CPU
		{AEC85EAA-F958-4CDE-9752-CB857693A307}.Debug|Any CPU.Build.0 = Debug|Any CPU
		{AEC85EAA-F958-4CDE-9752-CB857693A307}.Release|Any CPU.ActiveCfg = Release|Any CPU
		{AEC85EAA-F958-4CDE-9752-CB857693A307}.Release|Any CPU.Build.0 = Release|Any CPU
	EndGlobalSection
	GlobalSection(SolutionProperties) = preSolution
		HideSolutionNode = FALSE
	EndGlobalSection
	GlobalSection(ExtensibilityGlobals) = postSolution
		SolutionGuid = {3EFDCD90-D9B0-452D-993F-C3A84E31140C}
	EndGlobalSection
EndGlobal
