
Microsoft Visual Studio Solution File, Format Version 12.00
# Visual Studio Version 17
VisualStudioVersion = 17.10.35027.167
MinimumVisualStudioVersion = 10.0.40219.1
Project("{FAE04EC0-301F-11D3-BF4B-00C04F79EFBC}") = "2.12_generic", "2.12_generic\2.12_generic.csproj", "{06AE35C2-DEBF-497A-A43C-355225C03015}"
EndProject
Global
	GlobalSection(SolutionConfigurationPlatforms) = preSolution
		Debug|Any CPU = Debug|Any CPU
		Release|Any CPU = Release|Any CPU
	EndGlobalSection
	GlobalSection(ProjectConfigurationPlatforms) = postSolution
		{06AE35C2-DEBF-497A-A43C-355225C03015}.Debug|Any CPU.ActiveCfg = Debug|Any CPU
		{06AE35C2-DEBF-497A-A43C-355225C03015}.Debug|Any CPU.Build.0 = Debug|Any CPU
		{06AE35C2-DEBF-497A-A43C-355225C03015}.Release|Any CPU.ActiveCfg = Release|Any CPU
		{06AE35C2-DEBF-497A-A43C-355225C03015}.Release|Any CPU.Build.0 = Release|Any CPU
	EndGlobalSection
	GlobalSection(SolutionProperties) = preSolution
		HideSolutionNode = FALSE
	EndGlobalSection
	GlobalSection(ExtensibilityGlobals) = postSolution
		SolutionGuid = {3746ABB5-665D-43AF-835E-0DA184B47B04}
	EndGlobalSection
EndGlobal
