
Microsoft Visual Studio Solution File, Format Version 12.00
# Visual Studio Version 17
VisualStudioVersion = 17.10.35027.167
MinimumVisualStudioVersion = 10.0.40219.1
Project("{FAE04EC0-301F-11D3-BF4B-00C04F79EFBC}") = "2.3_Indexers", "2.3_Indexers\2.3_Indexers.csproj", "{747C4ECB-0308-4CE1-A359-5822D53B6607}"
EndProject
Global
	GlobalSection(SolutionConfigurationPlatforms) = preSolution
		Debug|Any CPU = Debug|Any CPU
		Release|Any CPU = Release|Any CPU
	EndGlobalSection
	GlobalSection(ProjectConfigurationPlatforms) = postSolution
		{747C4ECB-0308-4CE1-A359-5822D53B6607}.Debug|Any CPU.ActiveCfg = Debug|Any CPU
		{747C4ECB-0308-4CE1-A359-5822D53B6607}.Debug|Any CPU.Build.0 = Debug|Any CPU
		{747C4ECB-0308-4CE1-A359-5822D53B6607}.Release|Any CPU.ActiveCfg = Release|Any CPU
		{747C4ECB-0308-4CE1-A359-5822D53B6607}.Release|Any CPU.Build.0 = Release|Any CPU
	EndGlobalSection
	GlobalSection(SolutionProperties) = preSolution
		HideSolutionNode = FALSE
	EndGlobalSection
	GlobalSection(ExtensibilityGlobals) = postSolution
		SolutionGuid = {4799E379-5A05-47E9-B100-F4F04671D0A1}
	EndGlobalSection
EndGlobal
