
Microsoft Visual Studio Solution File, Format Version 12.00
# Visual Studio Version 17
VisualStudioVersion = 17.10.35027.167
MinimumVisualStudioVersion = 10.0.40219.1
Project("{FAE04EC0-301F-11D3-BF4B-00C04F79EFBC}") = "2,9operatorOverloding", "2,9operatorOverloding\2,9operatorOverloding.csproj", "{46070166-81E8-4AA7-8986-7A48692A1AEB}"
EndProject
Global
	GlobalSection(SolutionConfigurationPlatforms) = preSolution
		Debug|Any CPU = Debug|Any CPU
		Release|Any CPU = Release|Any CPU
	EndGlobalSection
	GlobalSection(ProjectConfigurationPlatforms) = postSolution
		{46070166-81E8-4AA7-8986-7A48692A1AEB}.Debug|Any CPU.ActiveCfg = Debug|Any CPU
		{46070166-81E8-4AA7-8986-7A48692A1AEB}.Debug|Any CPU.Build.0 = Debug|Any CPU
		{46070166-81E8-4AA7-8986-7A48692A1AEB}.Release|Any CPU.ActiveCfg = Release|Any CPU
		{46070166-81E8-4AA7-8986-7A48692A1AEB}.Release|Any CPU.Build.0 = Release|Any CPU
	EndGlobalSection
	GlobalSection(SolutionProperties) = preSolution
		HideSolutionNode = FALSE
	EndGlobalSection
	GlobalSection(ExtensibilityGlobals) = postSolution
		SolutionGuid = {EC02750B-DD7C-4841-8E9F-29B36F8D2001}
	EndGlobalSection
EndGlobal
