
Microsoft Visual Studio Solution File, Format Version 12.00
# Visual Studio Version 17
VisualStudioVersion = 17.10.35027.167
MinimumVisualStudioVersion = 10.0.40219.1
Project("{FAE04EC0-301F-11D3-BF4B-00C04F79EFBC}") = "ConstructorInjection", "ConstructorInjection\ConstructorInjection.csproj", "{C45D3BDB-07D4-40F2-AC4F-CC006E841B03}"
EndProject
Global
	GlobalSection(SolutionConfigurationPlatforms) = preSolution
		Debug|Any CPU = Debug|Any CPU
		Release|Any CPU = Release|Any CPU
	EndGlobalSection
	GlobalSection(ProjectConfigurationPlatforms) = postSolution
		{C45D3BDB-07D4-40F2-AC4F-CC006E841B03}.Debug|Any CPU.ActiveCfg = Debug|Any CPU
		{C45D3BDB-07D4-40F2-AC4F-CC006E841B03}.Debug|Any CPU.Build.0 = Debug|Any CPU
		{C45D3BDB-07D4-40F2-AC4F-CC006E841B03}.Release|Any CPU.ActiveCfg = Release|Any CPU
		{C45D3BDB-07D4-40F2-AC4F-CC006E841B03}.Release|Any CPU.Build.0 = Release|Any CPU
	EndGlobalSection
	GlobalSection(SolutionProperties) = preSolution
		HideSolutionNode = FALSE
	EndGlobalSection
	GlobalSection(ExtensibilityGlobals) = postSolution
		SolutionGuid = {2DC2EC57-C9FE-41E5-86D4-6F15EFEB6311}
	EndGlobalSection
EndGlobal
