
Microsoft Visual Studio Solution File, Format Version 12.00
# Visual Studio Version 17
VisualStudioVersion = 17.10.35027.167
MinimumVisualStudioVersion = 10.0.40219.1
Project("{FAE04EC0-301F-11D3-BF4B-00C04F79EFBC}") = "2.2_this_ststic_object_initilizer", "2_this_ststic_object_initilizer\2.2_this_ststic_object_initilizer.csproj", "{3F8D439C-E1C1-4BF4-9031-5B92250C2919}"
EndProject
Global
	GlobalSection(SolutionConfigurationPlatforms) = preSolution
		Debug|Any CPU = Debug|Any CPU
		Release|Any CPU = Release|Any CPU
	EndGlobalSection
	GlobalSection(ProjectConfigurationPlatforms) = postSolution
		{3F8D439C-E1C1-4BF4-9031-5B92250C2919}.Debug|Any CPU.ActiveCfg = Debug|Any CPU
		{3F8D439C-E1C1-4BF4-9031-5B92250C2919}.Debug|Any CPU.Build.0 = Debug|Any CPU
		{3F8D439C-E1C1-4BF4-9031-5B92250C2919}.Release|Any CPU.ActiveCfg = Release|Any CPU
		{3F8D439C-E1C1-4BF4-9031-5B92250C2919}.Release|Any CPU.Build.0 = Release|Any CPU
	EndGlobalSection
	GlobalSection(SolutionProperties) = preSolution
		HideSolutionNode = FALSE
	EndGlobalSection
	GlobalSection(ExtensibilityGlobals) = postSolution
		SolutionGuid = {BF04AB30-FF2C-4BF2-82C5-88CD7E6D7A39}
	EndGlobalSection
EndGlobal
