
Microsoft Visual Studio Solution File, Format Version 12.00
# Visual Studio Version 17
VisualStudioVersion = 17.10.35027.167
MinimumVisualStudioVersion = 10.0.40219.1
Project("{FAE04EC0-301F-11D3-BF4B-00C04F79EFBC}") = "2.7_virtualKeyword", "2.7_virtualKeyword\2.7_virtualKeyword.csproj", "{9D43EA8E-C06B-4374-A892-D66BF7A84C9B}"
EndProject
Global
	GlobalSection(SolutionConfigurationPlatforms) = preSolution
		Debug|Any CPU = Debug|Any CPU
		Release|Any CPU = Release|Any CPU
	EndGlobalSection
	GlobalSection(ProjectConfigurationPlatforms) = postSolution
		{9D43EA8E-C06B-4374-A892-D66BF7A84C9B}.Debug|Any CPU.ActiveCfg = Debug|Any CPU
		{9D43EA8E-C06B-4374-A892-D66BF7A84C9B}.Debug|Any CPU.Build.0 = Debug|Any CPU
		{9D43EA8E-C06B-4374-A892-D66BF7A84C9B}.Release|Any CPU.ActiveCfg = Release|Any CPU
		{9D43EA8E-C06B-4374-A892-D66BF7A84C9B}.Release|Any CPU.Build.0 = Release|Any CPU
	EndGlobalSection
	GlobalSection(SolutionProperties) = preSolution
		HideSolutionNode = FALSE
	EndGlobalSection
	GlobalSection(ExtensibilityGlobals) = postSolution
		SolutionGuid = {3DB30254-79AD-4333-A18A-704847B18185}
	EndGlobalSection
EndGlobal
