
Microsoft Visual Studio Solution File, Format Version 12.00
# Visual Studio Version 17
VisualStudioVersion = 17.10.35027.167
MinimumVisualStudioVersion = 10.0.40219.1
Project("{FAE04EC0-301F-11D3-BF4B-00C04F79EFBC}") = "ConsoleApp7", "ConsoleApp7\ConsoleApp7.csproj", "{614431BF-46B9-4430-A3B7-42625BCE1398}"
EndProject
Global
	GlobalSection(SolutionConfigurationPlatforms) = preSolution
		Debug|Any CPU = Debug|Any CPU
		Release|Any CPU = Release|Any CPU
	EndGlobalSection
	GlobalSection(ProjectConfigurationPlatforms) = postSolution
		{614431BF-46B9-4430-A3B7-42625BCE1398}.Debug|Any CPU.ActiveCfg = Debug|Any CPU
		{614431BF-46B9-4430-A3B7-42625BCE1398}.Debug|Any CPU.Build.0 = Debug|Any CPU
		{614431BF-46B9-4430-A3B7-42625BCE1398}.Release|Any CPU.ActiveCfg = Release|Any CPU
		{614431BF-46B9-4430-A3B7-42625BCE1398}.Release|Any CPU.Build.0 = Release|Any CPU
	EndGlobalSection
	GlobalSection(SolutionProperties) = preSolution
		HideSolutionNode = FALSE
	EndGlobalSection
	GlobalSection(ExtensibilityGlobals) = postSolution
		SolutionGuid = {E7E8312A-F2F4-4197-BBB4-5455E0835701}
	EndGlobalSection
EndGlobal
