
Microsoft Visual Studio Solution File, Format Version 12.00
# Visual Studio Version 17
VisualStudioVersion = 17.10.35027.167
MinimumVisualStudioVersion = 10.0.40219.1
Project("{FAE04EC0-301F-11D3-BF4B-00C04F79EFBC}") = "ClassAndObject", "ClassAndObject\ClassAndObject.csproj", "{4981113F-E8A8-48D0-B002-064B6B086733}"
EndProject
Global
	GlobalSection(SolutionConfigurationPlatforms) = preSolution
		Debug|Any CPU = Debug|Any CPU
		Release|Any CPU = Release|Any CPU
	EndGlobalSection
	GlobalSection(ProjectConfigurationPlatforms) = postSolution
		{4981113F-E8A8-48D0-B002-064B6B086733}.Debug|Any CPU.ActiveCfg = Debug|Any CPU
		{4981113F-E8A8-48D0-B002-064B6B086733}.Debug|Any CPU.Build.0 = Debug|Any CPU
		{4981113F-E8A8-48D0-B002-064B6B086733}.Release|Any CPU.ActiveCfg = Release|Any CPU
		{4981113F-E8A8-48D0-B002-064B6B086733}.Release|Any CPU.Build.0 = Release|Any CPU
	EndGlobalSection
	GlobalSection(SolutionProperties) = preSolution
		HideSolutionNode = FALSE
	EndGlobalSection
	GlobalSection(ExtensibilityGlobals) = postSolution
		SolutionGuid = {BFE11FD7-04C3-4F8D-8999-EA35D83B0D97}
	EndGlobalSection
EndGlobal
