
Microsoft Visual Studio Solution File, Format Version 12.00
# Visual Studio Version 17
VisualStudioVersion = 17.10.35027.167
MinimumVisualStudioVersion = 10.0.40219.1
Project("{9A19103F-16F7-4668-BE54-9A1E7A4F7556}") = "interfaceDemo", "interface\interfaceDemo.csproj", "{BC588A65-8554-4A64-92E6-91F8E6096D4D}"
EndProject
Global
	GlobalSection(SolutionConfigurationPlatforms) = preSolution
		Debug|Any CPU = Debug|Any CPU
		Release|Any CPU = Release|Any CPU
	EndGlobalSection
	GlobalSection(ProjectConfigurationPlatforms) = postSolution
		{BC588A65-8554-4A64-92E6-91F8E6096D4D}.Debug|Any CPU.ActiveCfg = Debug|Any CPU
		{BC588A65-8554-4A64-92E6-91F8E6096D4D}.Debug|Any CPU.Build.0 = Debug|Any CPU
		{BC588A65-8554-4A64-92E6-91F8E6096D4D}.Release|Any CPU.ActiveCfg = Release|Any CPU
		{BC588A65-8554-4A64-92E6-91F8E6096D4D}.Release|Any CPU.Build.0 = Release|Any CPU
	EndGlobalSection
	GlobalSection(SolutionProperties) = preSolution
		HideSolutionNode = FALSE
	EndGlobalSection
	GlobalSection(ExtensibilityGlobals) = postSolution
		SolutionGuid = {EF8381F9-59B6-449F-B998-99CAB2564AAB}
	EndGlobalSection
EndGlobal
