
Microsoft Visual Studio Solution File, Format Version 12.00
# Visual Studio Version 17
VisualStudioVersion = 17.10.35027.167
MinimumVisualStudioVersion = 10.0.40219.1
Project("{FAE04EC0-301F-11D3-BF4B-00C04F79EFBC}") = "3.2_MultiLevelInheritance", "3.2_MultiLevelInheritance\3.2_MultiLevelInheritance.csproj", "{074EDA56-D0D0-488A-82AA-C9C14FA580DC}"
EndProject
Global
	GlobalSection(SolutionConfigurationPlatforms) = preSolution
		Debug|Any CPU = Debug|Any CPU
		Release|Any CPU = Release|Any CPU
	EndGlobalSection
	GlobalSection(ProjectConfigurationPlatforms) = postSolution
		{074EDA56-D0D0-488A-82AA-C9C14FA580DC}.Debug|Any CPU.ActiveCfg = Debug|Any CPU
		{074EDA56-D0D0-488A-82AA-C9C14FA580DC}.Debug|Any CPU.Build.0 = Debug|Any CPU
		{074EDA56-D0D0-488A-82AA-C9C14FA580DC}.Release|Any CPU.ActiveCfg = Release|Any CPU
		{074EDA56-D0D0-488A-82AA-C9C14FA580DC}.Release|Any CPU.Build.0 = Release|Any CPU
	EndGlobalSection
	GlobalSection(SolutionProperties) = preSolution
		HideSolutionNode = FALSE
	EndGlobalSection
	GlobalSection(ExtensibilityGlobals) = postSolution
		SolutionGuid = {DF3E15EB-A06B-49AE-8E1A-C0D779D4BC50}
	EndGlobalSection
EndGlobal
