
Microsoft Visual Studio Solution File, Format Version 12.00
# Visual Studio Version 17
VisualStudioVersion = 17.10.35027.167
MinimumVisualStudioVersion = 10.0.40219.1
Project("{FAE04EC0-301F-11D3-BF4B-00C04F79EFBC}") = "delegatge demo", "delegatge demo\delegatge demo.csproj", "{7ED8A16E-1550-4D9A-A42B-E2EDDB5EB080}"
EndProject
Global
	GlobalSection(SolutionConfigurationPlatforms) = preSolution
		Debug|Any CPU = Debug|Any CPU
		Release|Any CPU = Release|Any CPU
	EndGlobalSection
	GlobalSection(ProjectConfigurationPlatforms) = postSolution
		{7ED8A16E-1550-4D9A-A42B-E2EDDB5EB080}.Debug|Any CPU.ActiveCfg = Debug|Any CPU
		{7ED8A16E-1550-4D9A-A42B-E2EDDB5EB080}.Debug|Any CPU.Build.0 = Debug|Any CPU
		{7ED8A16E-1550-4D9A-A42B-E2EDDB5EB080}.Release|Any CPU.ActiveCfg = Release|Any CPU
		{7ED8A16E-1550-4D9A-A42B-E2EDDB5EB080}.Release|Any CPU.Build.0 = Release|Any CPU
	EndGlobalSection
	GlobalSection(SolutionProperties) = preSolution
		HideSolutionNode = FALSE
	EndGlobalSection
	GlobalSection(ExtensibilityGlobals) = postSolution
		SolutionGuid = {C8840CBB-9588-4063-B9EF-0D322144ECB2}
	EndGlobalSection
EndGlobal
