
Microsoft Visual Studio Solution File, Format Version 12.00
# Visual Studio Version 17
VisualStudioVersion = 17.10.35027.167
MinimumVisualStudioVersion = 10.0.40219.1
Project("{FAE04EC0-301F-11D3-BF4B-00C04F79EFBC}") = "encapsulation", "encapsulation\encapsulation.csproj", "{B4AC86E5-A360-4B10-B1A8-F5E9A7E61CDC}"
EndProject
Global
	GlobalSection(SolutionConfigurationPlatforms) = preSolution
		Debug|Any CPU = Debug|Any CPU
		Release|Any CPU = Release|Any CPU
	EndGlobalSection
	GlobalSection(ProjectConfigurationPlatforms) = postSolution
		{B4AC86E5-A360-4B10-B1A8-F5E9A7E61CDC}.Debug|Any CPU.ActiveCfg = Debug|Any CPU
		{B4AC86E5-A360-4B10-B1A8-F5E9A7E61CDC}.Debug|Any CPU.Build.0 = Debug|Any CPU
		{B4AC86E5-A360-4B10-B1A8-F5E9A7E61CDC}.Release|Any CPU.ActiveCfg = Release|Any CPU
		{B4AC86E5-A360-4B10-B1A8-F5E9A7E61CDC}.Release|Any CPU.Build.0 = Release|Any CPU
	EndGlobalSection
	GlobalSection(SolutionProperties) = preSolution
		HideSolutionNode = FALSE
	EndGlobalSection
	GlobalSection(ExtensibilityGlobals) = postSolution
		SolutionGuid = {16FEB2D0-D19E-46F8-980C-D9D8CFC78FBA}
	EndGlobalSection
EndGlobal
