
Microsoft Visual Studio Solution File, Format Version 12.00
# Visual Studio Version 17
VisualStudioVersion = 17.10.35027.167
MinimumVisualStudioVersion = 10.0.40219.1
Project("{FAE04EC0-301F-11D3-BF4B-00C04F79EFBC}") = "overriding", "overriding\overriding.csproj", "{4589F8A9-8078-43F0-82CC-5F31F061C045}"
EndProject
Global
	GlobalSection(SolutionConfigurationPlatforms) = preSolution
		Debug|Any CPU = Debug|Any CPU
		Release|Any CPU = Release|Any CPU
	EndGlobalSection
	GlobalSection(ProjectConfigurationPlatforms) = postSolution
		{4589F8A9-8078-43F0-82CC-5F31F061C045}.Debug|Any CPU.ActiveCfg = Debug|Any CPU
		{4589F8A9-8078-43F0-82CC-5F31F061C045}.Debug|Any CPU.Build.0 = Debug|Any CPU
		{4589F8A9-8078-43F0-82CC-5F31F061C045}.Release|Any CPU.ActiveCfg = Release|Any CPU
		{4589F8A9-8078-43F0-82CC-5F31F061C045}.Release|Any CPU.Build.0 = Release|Any CPU
	EndGlobalSection
	GlobalSection(SolutionProperties) = preSolution
		HideSolutionNode = FALSE
	EndGlobalSection
	GlobalSection(ExtensibilityGlobals) = postSolution
		SolutionGuid = {D1215AF5-F292-4B84-BEE9-49200E96E5CC}
	EndGlobalSection
EndGlobal
