
Microsoft Visual Studio Solution File, Format Version 12.00
# Visual Studio Version 17
VisualStudioVersion = 17.10.35027.167
MinimumVisualStudioVersion = 10.0.40219.1
Project("{9A19103F-16F7-4668-BE54-9A1E7A4F7556}") = "ProductDemoApp", "Product\ProductDemoApp.csproj", "{991C03A8-F38F-484D-B599-841A4590D865}"
EndProject
Global
	GlobalSection(SolutionConfigurationPlatforms) = preSolution
		Debug|Any CPU = Debug|Any CPU
		Release|Any CPU = Release|Any CPU
	EndGlobalSection
	GlobalSection(ProjectConfigurationPlatforms) = postSolution
		{991C03A8-F38F-484D-B599-841A4590D865}.Debug|Any CPU.ActiveCfg = Debug|Any CPU
		{991C03A8-F38F-484D-B599-841A4590D865}.Debug|Any CPU.Build.0 = Debug|Any CPU
		{991C03A8-F38F-484D-B599-841A4590D865}.Release|Any CPU.ActiveCfg = Release|Any CPU
		{991C03A8-F38F-484D-B599-841A4590D865}.Release|Any CPU.Build.0 = Release|Any CPU
	EndGlobalSection
	GlobalSection(SolutionProperties) = preSolution
		HideSolutionNode = FALSE
	EndGlobalSection
	GlobalSection(ExtensibilityGlobals) = postSolution
		SolutionGuid = {6C843B2B-EB25-4176-8B78-B2E358E72DD1}
	EndGlobalSection
EndGlobal
