
Microsoft Visual Studio Solution File, Format Version 12.00
# Visual Studio Version 17
VisualStudioVersion = 17.10.35027.167
MinimumVisualStudioVersion = 10.0.40219.1
Project("{FAE04EC0-301F-11D3-BF4B-00C04F79EFBC}") = "3.4_MultipleInheritance", "3.4_MultipleInheritance\3.4_MultipleInheritance.csproj", "{C5DE7E47-D841-42CB-A017-10EE04AB745B}"
EndProject
Global
	GlobalSection(SolutionConfigurationPlatforms) = preSolution
		Debug|Any CPU = Debug|Any CPU
		Release|Any CPU = Release|Any CPU
	EndGlobalSection
	GlobalSection(ProjectConfigurationPlatforms) = postSolution
		{C5DE7E47-D841-42CB-A017-10EE04AB745B}.Debug|Any CPU.ActiveCfg = Debug|Any CPU
		{C5DE7E47-D841-42CB-A017-10EE04AB745B}.Debug|Any CPU.Build.0 = Debug|Any CPU
		{C5DE7E47-D841-42CB-A017-10EE04AB745B}.Release|Any CPU.ActiveCfg = Release|Any CPU
		{C5DE7E47-D841-42CB-A017-10EE04AB745B}.Release|Any CPU.Build.0 = Release|Any CPU
	EndGlobalSection
	GlobalSection(SolutionProperties) = preSolution
		HideSolutionNode = FALSE
	EndGlobalSection
	GlobalSection(ExtensibilityGlobals) = postSolution
		SolutionGuid = {5AC805F3-8E4F-4DFA-BFAC-79A3644F69C0}
	EndGlobalSection
EndGlobal
